
Microsoft Visual Studio Solution File, Format Version 12.00
# Visual Studio Version 17
VisualStudioVersion = 17.5.002.0
MinimumVisualStudioVersion = 10.0.40219.1
Project("{9A19103F-16F7-4668-BE54-9A1E7A4F7556}") = "DesafioFundamentos", "DesafioFundamentos.csproj", "{0713199A-DE68-49C0-B247-E3B4F3A10850}"
EndProject
Global
	GlobalSection(SolutionConfigurationPlatforms) = preSolution
		Debug|Any CPU = Debug|Any CPU
		Release|Any CPU = Release|Any CPU
	EndGlobalSection
	GlobalSection(ProjectConfigurationPlatforms) = postSolution
		{0713199A-DE68-49C0-B247-E3B4F3A10850}.Debug|Any CPU.ActiveCfg = Debug|Any CPU
		{0713199A-DE68-49C0-B247-E3B4F3A10850}.Debug|Any CPU.Build.0 = Debug|Any CPU
		{0713199A-DE68-49C0-B247-E3B4F3A10850}.Release|Any CPU.ActiveCfg = Release|Any CPU
		{0713199A-DE68-49C0-B247-E3B4F3A10850}.Release|Any CPU.Build.0 = Release|Any CPU
	EndGlobalSection
	GlobalSection(SolutionProperties) = preSolution
		HideSolutionNode = FALSE
	EndGlobalSection
	GlobalSection(ExtensibilityGlobals) = postSolution
		SolutionGuid = {220E4C9C-C66E-48B9-8EA9-6FE8B419E61E}
	EndGlobalSection
EndGlobal
